version = 1
requires-python = ">=3.11, <3.13"

[[package]]
name = "annotated-types"
version = "0.7.0"
source = { registry = "https://pypi.org/simple" }
sdist = { url = "https://files.pythonhosted.org/packages/ee/67/531ea369ba64dcff5ec9c3402f9f51bf748cec26dde048a2f973a4eea7f5/annotated_types-0.7.0.tar.gz", hash = "sha256:aff07c09a53a08bc8cfccb9c85b05f1aa9a2a6f23728d790723543408344ce89", size = 16081 }
wheels = [
    { url = "https://files.pythonhosted.org/packages/78/b6/6307fbef88d9b5ee7421e68d78a9f162e0da4900bc5f5793f6d3d0e34fb8/annotated_types-0.7.0-py3-none-any.whl", hash = "sha256:1f02e8b43a8fbbc3f3e0d4f0f4bfc8131bcb4eebe8849b8e5c773f3a1c582a53", size = 13643 },
]

[[package]]
name = "py"
version = "1.0.0"
source = { editable = "." }
dependencies = [
    { name = "pydantic" },
    { name = "pyyaml" },
]

[package.optional-dependencies]
dev = [
    { name = "ruff" },
]

[package.metadata]
requires-dist = [
    { name = "pydantic", specifier = "~=2.7" },
    { name = "pyyaml", specifier = "~=6.0" },
    { name = "ruff", marker = "extra == 'dev'" },
]

[[package]]
name = "pydantic"
version = "2.9.2"
source = { registry = "https://pypi.org/simple" }
dependencies = [
    { name = "annotated-types" },
    { name = "pydantic-core" },
    { name = "typing-extensions" },
]
sdist = { url = "https://files.pythonhosted.org/packages/a9/b7/d9e3f12af310e1120c21603644a1cd86f59060e040ec5c3a80b8f05fae30/pydantic-2.9.2.tar.gz", hash = "sha256:d155cef71265d1e9807ed1c32b4c8deec042a44a50a4188b25ac67ecd81a9c0f", size = 769917 }
wheels = [
    { url = "https://files.pythonhosted.org/packages/df/e4/ba44652d562cbf0bf320e0f3810206149c8a4e99cdbf66da82e97ab53a15/pydantic-2.9.2-py3-none-any.whl", hash = "sha256:f048cec7b26778210e28a0459867920654d48e5e62db0958433636cde4254f12", size = 434928 },
]

[[package]]
name = "pydantic-core"
version = "2.23.4"
source = { registry = "https://pypi.org/simple" }
dependencies = [
    { name = "typing-extensions" },
]
sdist = { url = "https://files.pythonhosted.org/packages/e2/aa/6b6a9b9f8537b872f552ddd46dd3da230367754b6f707b8e1e963f515ea3/pydantic_core-2.23.4.tar.gz", hash = "sha256:2584f7cf844ac4d970fba483a717dbe10c1c1c96a969bf65d61ffe94df1b2863", size = 402156 }
wheels = [
    { url = "https://files.pythonhosted.org/packages/5d/30/890a583cd3f2be27ecf32b479d5d615710bb926d92da03e3f7838ff3e58b/pydantic_core-2.23.4-cp311-cp311-macosx_10_12_x86_64.whl", hash = "sha256:77733e3892bb0a7fa797826361ce8a9184d25c8dffaec60b7ffe928153680ba8", size = 1865160 },
    { url = "https://files.pythonhosted.org/packages/1d/9a/b634442e1253bc6889c87afe8bb59447f106ee042140bd57680b3b113ec7/pydantic_core-2.23.4-cp311-cp311-macosx_11_0_arm64.whl", hash = "sha256:1b84d168f6c48fabd1f2027a3d1bdfe62f92cade1fb273a5d68e621da0e44e6d", size = 1776777 },
    { url = "https://files.pythonhosted.org/packages/75/9a/7816295124a6b08c24c96f9ce73085032d8bcbaf7e5a781cd41aa910c891/pydantic_core-2.23.4-cp311-cp311-manylinux_2_17_aarch64.manylinux2014_aarch64.whl", hash = "sha256:df49e7a0861a8c36d089c1ed57d308623d60416dab2647a4a17fe050ba85de0e", size = 1799244 },
    { url = "https://files.pythonhosted.org/packages/a9/8f/89c1405176903e567c5f99ec53387449e62f1121894aa9fc2c4fdc51a59b/pydantic_core-2.23.4-cp311-cp311-manylinux_2_17_armv7l.manylinux2014_armv7l.whl", hash = "sha256:ff02b6d461a6de369f07ec15e465a88895f3223eb75073ffea56b84d9331f607", size = 1805307 },
    { url = "https://files.pythonhosted.org/packages/d5/a5/1a194447d0da1ef492e3470680c66048fef56fc1f1a25cafbea4bc1d1c48/pydantic_core-2.23.4-cp311-cp311-manylinux_2_17_ppc64le.manylinux2014_ppc64le.whl", hash = "sha256:996a38a83508c54c78a5f41456b0103c30508fed9abcad0a59b876d7398f25fd", size = 2000663 },
    { url = "https://files.pythonhosted.org/packages/13/a5/1df8541651de4455e7d587cf556201b4f7997191e110bca3b589218745a5/pydantic_core-2.23.4-cp311-cp311-manylinux_2_17_s390x.manylinux2014_s390x.whl", hash = "sha256:d97683ddee4723ae8c95d1eddac7c192e8c552da0c73a925a89fa8649bf13eea", size = 2655941 },
    { url = "https://files.pythonhosted.org/packages/44/31/a3899b5ce02c4316865e390107f145089876dff7e1dfc770a231d836aed8/pydantic_core-2.23.4-cp311-cp311-manylinux_2_17_x86_64.manylinux2014_x86_64.whl", hash = "sha256:216f9b2d7713eb98cb83c80b9c794de1f6b7e3145eef40400c62e86cee5f4e1e", size = 2052105 },
    { url = "https://files.pythonhosted.org/packages/1b/aa/98e190f8745d5ec831f6d5449344c48c0627ac5fed4e5340a44b74878f8e/pydantic_core-2.23.4-cp311-cp311-manylinux_2_5_i686.manylinux1_i686.whl", hash = "sha256:6f783e0ec4803c787bcea93e13e9932edab72068f68ecffdf86a99fd5918878b", size = 1919967 },
    { url = "https://files.pythonhosted.org/packages/ae/35/b6e00b6abb2acfee3e8f85558c02a0822e9a8b2f2d812ea8b9079b118ba0/pydantic_core-2.23.4-cp311-cp311-musllinux_1_1_aarch64.whl", hash = "sha256:d0776dea117cf5272382634bd2a5c1b6eb16767c223c6a5317cd3e2a757c61a0", size = 1964291 },
    { url = "https://files.pythonhosted.org/packages/13/46/7bee6d32b69191cd649bbbd2361af79c472d72cb29bb2024f0b6e350ba06/pydantic_core-2.23.4-cp311-cp311-musllinux_1_1_x86_64.whl", hash = "sha256:d5f7a395a8cf1621939692dba2a6b6a830efa6b3cee787d82c7de1ad2930de64", size = 2109666 },
    { url = "https://files.pythonhosted.org/packages/39/ef/7b34f1b122a81b68ed0a7d0e564da9ccdc9a2924c8d6c6b5b11fa3a56970/pydantic_core-2.23.4-cp311-none-win32.whl", hash = "sha256:74b9127ffea03643e998e0c5ad9bd3811d3dac8c676e47db17b0ee7c3c3bf35f", size = 1732940 },
    { url = "https://files.pythonhosted.org/packages/2f/76/37b7e76c645843ff46c1d73e046207311ef298d3f7b2f7d8f6ac60113071/pydantic_core-2.23.4-cp311-none-win_amd64.whl", hash = "sha256:98d134c954828488b153d88ba1f34e14259284f256180ce659e8d83e9c05eaa3", size = 1916804 },
    { url = "https://files.pythonhosted.org/packages/74/7b/8e315f80666194b354966ec84b7d567da77ad927ed6323db4006cf915f3f/pydantic_core-2.23.4-cp312-cp312-macosx_10_12_x86_64.whl", hash = "sha256:f3e0da4ebaef65158d4dfd7d3678aad692f7666877df0002b8a522cdf088f231", size = 1856459 },
    { url = "https://files.pythonhosted.org/packages/14/de/866bdce10ed808323d437612aca1ec9971b981e1c52e5e42ad9b8e17a6f6/pydantic_core-2.23.4-cp312-cp312-macosx_11_0_arm64.whl", hash = "sha256:f69a8e0b033b747bb3e36a44e7732f0c99f7edd5cea723d45bc0d6e95377ffee", size = 1770007 },
    { url = "https://files.pythonhosted.org/packages/dc/69/8edd5c3cd48bb833a3f7ef9b81d7666ccddd3c9a635225214e044b6e8281/pydantic_core-2.23.4-cp312-cp312-manylinux_2_17_aarch64.manylinux2014_aarch64.whl", hash = "sha256:723314c1d51722ab28bfcd5240d858512ffd3116449c557a1336cbe3919beb87", size = 1790245 },
    { url = "https://files.pythonhosted.org/packages/80/33/9c24334e3af796ce80d2274940aae38dd4e5676298b4398eff103a79e02d/pydantic_core-2.23.4-cp312-cp312-manylinux_2_17_armv7l.manylinux2014_armv7l.whl", hash = "sha256:bb2802e667b7051a1bebbfe93684841cc9351004e2badbd6411bf357ab8d5ac8", size = 1801260 },
    { url = "https://files.pythonhosted.org/packages/a5/6f/e9567fd90104b79b101ca9d120219644d3314962caa7948dd8b965e9f83e/pydantic_core-2.23.4-cp312-cp312-manylinux_2_17_ppc64le.manylinux2014_ppc64le.whl", hash = "sha256:d18ca8148bebe1b0a382a27a8ee60350091a6ddaf475fa05ef50dc35b5df6327", size = 1996872 },
    { url = "https://files.pythonhosted.org/packages/2d/ad/b5f0fe9e6cfee915dd144edbd10b6e9c9c9c9d7a56b69256d124b8ac682e/pydantic_core-2.23.4-cp312-cp312-manylinux_2_17_s390x.manylinux2014_s390x.whl", hash = "sha256:33e3d65a85a2a4a0dc3b092b938a4062b1a05f3a9abde65ea93b233bca0e03f2", size = 2661617 },
    { url = "https://files.pythonhosted.org/packages/06/c8/7d4b708f8d05a5cbfda3243aad468052c6e99de7d0937c9146c24d9f12e9/pydantic_core-2.23.4-cp312-cp312-manylinux_2_17_x86_64.manylinux2014_x86_64.whl", hash = "sha256:128585782e5bfa515c590ccee4b727fb76925dd04a98864182b22e89a4e6ed36", size = 2071831 },
    { url = "https://files.pythonhosted.org/packages/89/4d/3079d00c47f22c9a9a8220db088b309ad6e600a73d7a69473e3a8e5e3ea3/pydantic_core-2.23.4-cp312-cp312-manylinux_2_5_i686.manylinux1_i686.whl", hash = "sha256:68665f4c17edcceecc112dfed5dbe6f92261fb9d6054b47d01bf6371a6196126", size = 1917453 },
    { url = "https://files.pythonhosted.org/packages/e9/88/9df5b7ce880a4703fcc2d76c8c2d8eb9f861f79d0c56f4b8f5f2607ccec8/pydantic_core-2.23.4-cp312-cp312-musllinux_1_1_aarch64.whl", hash = "sha256:20152074317d9bed6b7a95ade3b7d6054845d70584216160860425f4fbd5ee9e", size = 1968793 },
    { url = "https://files.pythonhosted.org/packages/e3/b9/41f7efe80f6ce2ed3ee3c2dcfe10ab7adc1172f778cc9659509a79518c43/pydantic_core-2.23.4-cp312-cp312-musllinux_1_1_x86_64.whl", hash = "sha256:9261d3ce84fa1d38ed649c3638feefeae23d32ba9182963e465d58d62203bd24", size = 2116872 },
    { url = "https://files.pythonhosted.org/packages/63/08/b59b7a92e03dd25554b0436554bf23e7c29abae7cce4b1c459cd92746811/pydantic_core-2.23.4-cp312-none-win32.whl", hash = "sha256:4ba762ed58e8d68657fc1281e9bb72e1c3e79cc5d464be146e260c541ec12d84", size = 1738535 },
    { url = "https://files.pythonhosted.org/packages/88/8d/479293e4d39ab409747926eec4329de5b7129beaedc3786eca070605d07f/pydantic_core-2.23.4-cp312-none-win_amd64.whl", hash = "sha256:97df63000f4fea395b2824da80e169731088656d1818a11b95f3b173747b6cd9", size = 1917992 },
]

[[package]]
name = "pyyaml"
version = "6.0.2"
source = { registry = "https://pypi.org/simple" }
sdist = { url = "https://files.pythonhosted.org/packages/54/ed/79a089b6be93607fa5cdaedf301d7dfb23af5f25c398d5ead2525b063e17/pyyaml-6.0.2.tar.gz", hash = "sha256:d584d9ec91ad65861cc08d42e834324ef890a082e591037abe114850ff7bbc3e", size = 130631 }
wheels = [
    { url = "https://files.pythonhosted.org/packages/f8/aa/7af4e81f7acba21a4c6be026da38fd2b872ca46226673c89a758ebdc4fd2/PyYAML-6.0.2-cp311-cp311-macosx_10_9_x86_64.whl", hash = "sha256:cc1c1159b3d456576af7a3e4d1ba7e6924cb39de8f67111c735f6fc832082774", size = 184612 },
    { url = "https://files.pythonhosted.org/packages/8b/62/b9faa998fd185f65c1371643678e4d58254add437edb764a08c5a98fb986/PyYAML-6.0.2-cp311-cp311-macosx_11_0_arm64.whl", hash = "sha256:1e2120ef853f59c7419231f3bf4e7021f1b936f6ebd222406c3b60212205d2ee", size = 172040 },
    { url = "https://files.pythonhosted.org/packages/ad/0c/c804f5f922a9a6563bab712d8dcc70251e8af811fce4524d57c2c0fd49a4/PyYAML-6.0.2-cp311-cp311-manylinux_2_17_aarch64.manylinux2014_aarch64.whl", hash = "sha256:5d225db5a45f21e78dd9358e58a98702a0302f2659a3c6cd320564b75b86f47c", size = 736829 },
    { url = "https://files.pythonhosted.org/packages/51/16/6af8d6a6b210c8e54f1406a6b9481febf9c64a3109c541567e35a49aa2e7/PyYAML-6.0.2-cp311-cp311-manylinux_2_17_s390x.manylinux2014_s390x.whl", hash = "sha256:5ac9328ec4831237bec75defaf839f7d4564be1e6b25ac710bd1a96321cc8317", size = 764167 },
    { url = "https://files.pythonhosted.org/packages/75/e4/2c27590dfc9992f73aabbeb9241ae20220bd9452df27483b6e56d3975cc5/PyYAML-6.0.2-cp311-cp311-manylinux_2_17_x86_64.manylinux2014_x86_64.whl", hash = "sha256:3ad2a3decf9aaba3d29c8f537ac4b243e36bef957511b4766cb0057d32b0be85", size = 762952 },
    { url = "https://files.pythonhosted.org/packages/9b/97/ecc1abf4a823f5ac61941a9c00fe501b02ac3ab0e373c3857f7d4b83e2b6/PyYAML-6.0.2-cp311-cp311-musllinux_1_1_aarch64.whl", hash = "sha256:ff3824dc5261f50c9b0dfb3be22b4567a6f938ccce4587b38952d85fd9e9afe4", size = 735301 },
    { url = "https://files.pythonhosted.org/packages/45/73/0f49dacd6e82c9430e46f4a027baa4ca205e8b0a9dce1397f44edc23559d/PyYAML-6.0.2-cp311-cp311-musllinux_1_1_x86_64.whl", hash = "sha256:797b4f722ffa07cc8d62053e4cff1486fa6dc094105d13fea7b1de7d8bf71c9e", size = 756638 },
    { url = "https://files.pythonhosted.org/packages/22/5f/956f0f9fc65223a58fbc14459bf34b4cc48dec52e00535c79b8db361aabd/PyYAML-6.0.2-cp311-cp311-win32.whl", hash = "sha256:11d8f3dd2b9c1207dcaf2ee0bbbfd5991f571186ec9cc78427ba5bd32afae4b5", size = 143850 },
    { url = "https://files.pythonhosted.org/packages/ed/23/8da0bbe2ab9dcdd11f4f4557ccaf95c10b9811b13ecced089d43ce59c3c8/PyYAML-6.0.2-cp311-cp311-win_amd64.whl", hash = "sha256:e10ce637b18caea04431ce14fabcf5c64a1c61ec9c56b071a4b7ca131ca52d44", size = 161980 },
    { url = "https://files.pythonhosted.org/packages/86/0c/c581167fc46d6d6d7ddcfb8c843a4de25bdd27e4466938109ca68492292c/PyYAML-6.0.2-cp312-cp312-macosx_10_9_x86_64.whl", hash = "sha256:c70c95198c015b85feafc136515252a261a84561b7b1d51e3384e0655ddf25ab", size = 183873 },
    { url = "https://files.pythonhosted.org/packages/a8/0c/38374f5bb272c051e2a69281d71cba6fdb983413e6758b84482905e29a5d/PyYAML-6.0.2-cp312-cp312-macosx_11_0_arm64.whl", hash = "sha256:ce826d6ef20b1bc864f0a68340c8b3287705cae2f8b4b1d932177dcc76721725", size = 173302 },
    { url = "https://files.pythonhosted.org/packages/c3/93/9916574aa8c00aa06bbac729972eb1071d002b8e158bd0e83a3b9a20a1f7/PyYAML-6.0.2-cp312-cp312-manylinux_2_17_aarch64.manylinux2014_aarch64.whl", hash = "sha256:1f71ea527786de97d1a0cc0eacd1defc0985dcf6b3f17bb77dcfc8c34bec4dc5", size = 739154 },
    { url = "https://files.pythonhosted.org/packages/95/0f/b8938f1cbd09739c6da569d172531567dbcc9789e0029aa070856f123984/PyYAML-6.0.2-cp312-cp312-manylinux_2_17_s390x.manylinux2014_s390x.whl", hash = "sha256:9b22676e8097e9e22e36d6b7bda33190d0d400f345f23d4065d48f4ca7ae0425", size = 766223 },
    { url = "https://files.pythonhosted.org/packages/b9/2b/614b4752f2e127db5cc206abc23a8c19678e92b23c3db30fc86ab731d3bd/PyYAML-6.0.2-cp312-cp312-manylinux_2_17_x86_64.manylinux2014_x86_64.whl", hash = "sha256:80bab7bfc629882493af4aa31a4cfa43a4c57c83813253626916b8c7ada83476", size = 767542 },
    { url = "https://files.pythonhosted.org/packages/d4/00/dd137d5bcc7efea1836d6264f049359861cf548469d18da90cd8216cf05f/PyYAML-6.0.2-cp312-cp312-musllinux_1_1_aarch64.whl", hash = "sha256:0833f8694549e586547b576dcfaba4a6b55b9e96098b36cdc7ebefe667dfed48", size = 731164 },
    { url = "https://files.pythonhosted.org/packages/c9/1f/4f998c900485e5c0ef43838363ba4a9723ac0ad73a9dc42068b12aaba4e4/PyYAML-6.0.2-cp312-cp312-musllinux_1_1_x86_64.whl", hash = "sha256:8b9c7197f7cb2738065c481a0461e50ad02f18c78cd75775628afb4d7137fb3b", size = 756611 },
    { url = "https://files.pythonhosted.org/packages/df/d1/f5a275fdb252768b7a11ec63585bc38d0e87c9e05668a139fea92b80634c/PyYAML-6.0.2-cp312-cp312-win32.whl", hash = "sha256:ef6107725bd54b262d6dedcc2af448a266975032bc85ef0172c5f059da6325b4", size = 140591 },
    { url = "https://files.pythonhosted.org/packages/0c/e8/4f648c598b17c3d06e8753d7d13d57542b30d56e6c2dedf9c331ae56312e/PyYAML-6.0.2-cp312-cp312-win_amd64.whl", hash = "sha256:7e7401d0de89a9a855c839bc697c079a4af81cf878373abd7dc625847d25cbd8", size = 156338 },
]

[[package]]
name = "ruff"
version = "0.7.2"
source = { registry = "https://pypi.org/simple" }
sdist = { url = "https://files.pythonhosted.org/packages/95/51/231bb3790e5b0b9fd4131f9a231d73d061b3667522e3f406fd9b63334d0e/ruff-0.7.2.tar.gz", hash = "sha256:2b14e77293380e475b4e3a7a368e14549288ed2931fce259a6f99978669e844f", size = 3210036 }
wheels = [
    { url = "https://files.pythonhosted.org/packages/5c/56/0caa2b5745d66a39aa239c01059f6918fc76ed8380033d2f44bf297d141d/ruff-0.7.2-py3-none-linux_armv6l.whl", hash = "sha256:b73f873b5f52092e63ed540adefc3c36f1f803790ecf2590e1df8bf0a9f72cb8", size = 10373973 },
    { url = "https://files.pythonhosted.org/packages/1a/33/cad6ff306731f335d481c50caa155b69a286d5b388e87ff234cd2a4b3557/ruff-0.7.2-py3-none-macosx_10_12_x86_64.whl", hash = "sha256:5b813ef26db1015953daf476202585512afd6a6862a02cde63f3bafb53d0b2d4", size = 10171140 },
    { url = "https://files.pythonhosted.org/packages/97/f5/6a2ca5c9ba416226eac9cf8121a1baa6f06655431937e85f38ffcb9d0d01/ruff-0.7.2-py3-none-macosx_11_0_arm64.whl", hash = "sha256:853277dbd9675810c6826dad7a428d52a11760744508340e66bf46f8be9701d9", size = 9809333 },
    { url = "https://files.pythonhosted.org/packages/16/83/e3e87f13d1a1dc205713632978cd7bc287a59b08bc95780dbe359b9aefcb/ruff-0.7.2-py3-none-manylinux_2_17_aarch64.manylinux2014_aarch64.whl", hash = "sha256:21aae53ab1490a52bf4e3bf520c10ce120987b047c494cacf4edad0ba0888da2", size = 10622987 },
    { url = "https://files.pythonhosted.org/packages/22/16/97ccab194480e99a2e3c77ae132b3eebfa38c2112747570c403a4a13ba3a/ruff-0.7.2-py3-none-manylinux_2_17_armv7l.manylinux2014_armv7l.whl", hash = "sha256:ccc7e0fc6e0cb3168443eeadb6445285abaae75142ee22b2b72c27d790ab60ba", size = 10184640 },
    { url = "https://files.pythonhosted.org/packages/97/1b/82ff05441b036f68817296c14f24da47c591cb27acfda473ee571a5651ac/ruff-0.7.2-py3-none-manylinux_2_17_i686.manylinux2014_i686.whl", hash = "sha256:fd77877a4e43b3a98e5ef4715ba3862105e299af0c48942cc6d51ba3d97dc859", size = 11210203 },
    { url = "https://files.pythonhosted.org/packages/a6/96/7ecb30a7ef7f942e2d8e0287ad4c1957dddc6c5097af4978c27cfc334f97/ruff-0.7.2-py3-none-manylinux_2_17_ppc64.manylinux2014_ppc64.whl", hash = "sha256:e00163fb897d35523c70d71a46fbaa43bf7bf9af0f4534c53ea5b96b2e03397b", size = 11870894 },
    { url = "https://files.pythonhosted.org/packages/06/6a/c716bb126218227f8e604a9c484836257708a05ee3d2ebceb666ff3d3867/ruff-0.7.2-py3-none-manylinux_2_17_ppc64le.manylinux2014_ppc64le.whl", hash = "sha256:f3c54b538633482dc342e9b634d91168fe8cc56b30a4b4f99287f4e339103e88", size = 11449533 },
    { url = "https://files.pythonhosted.org/packages/e6/2f/3a5f9f9478904e5ae9506ea699109070ead1e79aac041e872cbaad8a7458/ruff-0.7.2-py3-none-manylinux_2_17_s390x.manylinux2014_s390x.whl", hash = "sha256:7b792468e9804a204be221b14257566669d1db5c00d6bb335996e5cd7004ba80", size = 12607919 },
    { url = "https://files.pythonhosted.org/packages/a0/57/4642e57484d80d274750dcc872ea66655bbd7e66e986fede31e1865b463d/ruff-0.7.2-py3-none-manylinux_2_17_x86_64.manylinux2014_x86_64.whl", hash = "sha256:dba53ed84ac19ae4bfb4ea4bf0172550a2285fa27fbb13e3746f04c80f7fa088", size = 11016915 },
    { url = "https://files.pythonhosted.org/packages/4d/6d/59be6680abee34c22296ae3f46b2a3b91662b8b18ab0bf388b5eb1355c97/ruff-0.7.2-py3-none-musllinux_1_2_aarch64.whl", hash = "sha256:b19fafe261bf741bca2764c14cbb4ee1819b67adb63ebc2db6401dcd652e3748", size = 10625424 },
    { url = "https://files.pythonhosted.org/packages/82/e7/f6a643683354c9bc7879d2f228ee0324fea66d253de49273a0814fba1927/ruff-0.7.2-py3-none-musllinux_1_2_armv7l.whl", hash = "sha256:28bd8220f4d8f79d590db9e2f6a0674f75ddbc3847277dd44ac1f8d30684b828", size = 10233692 },
    { url = "https://files.pythonhosted.org/packages/d7/48/b4e02fc835cd7ed1ee7318d9c53e48bcf6b66301f55925a7dcb920e45532/ruff-0.7.2-py3-none-musllinux_1_2_i686.whl", hash = "sha256:9fd67094e77efbea932e62b5d2483006154794040abb3a5072e659096415ae1e", size = 10751825 },
    { url = "https://files.pythonhosted.org/packages/1e/06/6c5ee6ab7bb4cbad9e8bb9b2dd0d818c759c90c1c9e057c6ed70334b97f4/ruff-0.7.2-py3-none-musllinux_1_2_x86_64.whl", hash = "sha256:576305393998b7bd6c46018f8104ea3a9cb3fa7908c21d8580e3274a3b04b691", size = 11074811 },
    { url = "https://files.pythonhosted.org/packages/a1/16/8969304f25bcd0e4af1778342e63b715e91db8a2dbb51807acd858cba915/ruff-0.7.2-py3-none-win32.whl", hash = "sha256:fa993cfc9f0ff11187e82de874dfc3611df80852540331bc85c75809c93253a8", size = 8650268 },
    { url = "https://files.pythonhosted.org/packages/d9/18/c4b00d161def43fe5968e959039c8f6ce60dca762cec4a34e4e83a4210a0/ruff-0.7.2-py3-none-win_amd64.whl", hash = "sha256:dd8800cbe0254e06b8fec585e97554047fb82c894973f7ff18558eee33d1cb88", size = 9433693 },
    { url = "https://files.pythonhosted.org/packages/7f/7b/c920673ac01c19814dd15fc617c02301c522f3d6812ca2024f4588ed4549/ruff-0.7.2-py3-none-win_arm64.whl", hash = "sha256:bb8368cd45bba3f57bb29cbb8d64b4a33f8415d0149d2655c5c8539452ce7760", size = 8735845 },
]

[[package]]
name = "typing-extensions"
version = "4.12.2"
source = { registry = "https://pypi.org/simple" }
sdist = { url = "https://files.pythonhosted.org/packages/df/db/f35a00659bc03fec321ba8bce9420de607a1d37f8342eee1863174c69557/typing_extensions-4.12.2.tar.gz", hash = "sha256:1a7ead55c7e559dd4dee8856e3a88b41225abfe1ce8df57b7c13915fe121ffb8", size = 85321 }
wheels = [
    { url = "https://files.pythonhosted.org/packages/26/9f/ad63fc0248c5379346306f8668cda6e2e2e9c95e01216d2b8ffd9ff037d0/typing_extensions-4.12.2-py3-none-any.whl", hash = "sha256:04e5ca0351e0f3f85c6853954072df659d0d13fac324d0072316b67d7794700d", size = 37438 },
]
